{
  "name": "BaiThucTap",
  "lockfileVersion": 2,
  "requires": true,
  "packages": {
    "": {
      "dependencies": {
        "bootstrap": "^3.4.1",
        "paginationjs": "^2.1.5"
      }
    },
    "node_modules/bootstrap": {
      "version": "3.4.1",
      "resolved": "https://registry.npmjs.org/bootstrap/-/bootstrap-3.4.1.tgz",
      "integrity": "sha512-yN5oZVmRCwe5aKwzRj6736nSmKDX7pLYwsXiCj/EYmo16hODaBiT4En5btW/jhBF/seV+XMx3aYwukYC3A49DA==",
      "engines": {
        "node": ">=6"
      }
    },
    "node_modules/paginationjs": {
      "version": "2.1.5",
      "resolved": "https://registry.npmjs.org/paginationjs/-/paginationjs-2.1.5.tgz",
      "integrity": "sha512-2RJW/o8bADFk6HwuoeJzgUndWvuWaZRdumu1QAc2gdA+/ZQLRcZZ6goz7m2cx2uoy0XReF/7X4vrVTZvqLDPrw=="
    }
  },
  "dependencies": {
    "bootstrap": {
      "version": "3.4.1",
      "resolved": "https://registry.npmjs.org/bootstrap/-/bootstrap-3.4.1.tgz",
      "integrity": "sha512-yN5oZVmRCwe5aKwzRj6736nSmKDX7pLYwsXiCj/EYmo16hODaBiT4En5btW/jhBF/seV+XMx3aYwukYC3A49DA=="
    },
    "paginationjs": {
      "version": "2.1.5",
      "resolved": "https://registry.npmjs.org/paginationjs/-/paginationjs-2.1.5.tgz",
      "integrity": "sha512-2RJW/o8bADFk6HwuoeJzgUndWvuWaZRdumu1QAc2gdA+/ZQLRcZZ6goz7m2cx2uoy0XReF/7X4vrVTZvqLDPrw=="
    }
  }
}
